
Microsoft Visual Studio Solution File, Format Version 12.00
# Visual Studio Version 17
VisualStudioVersion = 17.0.32014.148
MinimumVisualStudioVersion = 10.0.40219.1
Project("{FAE04EC0-301F-11D3-BF4B-00C04F79EFBC}") = "JokesAPP", "JokesAPP\JokesAPP.csproj", "{0E4052D4-3714-41AF-948C-7B31E7C07B8E}"
EndProject
Global
	GlobalSection(SolutionConfigurationPlatforms) = preSolution
		Debug|Any CPU = Debug|Any CPU
		Release|Any CPU = Release|Any CPU
	EndGlobalSection
	GlobalSection(ProjectConfigurationPlatforms) = postSolution
		{0E4052D4-3714-41AF-948C-7B31E7C07B8E}.Debug|Any CPU.ActiveCfg = Debug|Any CPU
		{0E4052D4-3714-41AF-948C-7B31E7C07B8E}.Debug|Any CPU.Build.0 = Debug|Any CPU
		{0E4052D4-3714-41AF-948C-7B31E7C07B8E}.Release|Any CPU.ActiveCfg = Release|Any CPU
		{0E4052D4-3714-41AF-948C-7B31E7C07B8E}.Release|Any CPU.Build.0 = Release|Any CPU
	EndGlobalSection
	GlobalSection(SolutionProperties) = preSolution
		HideSolutionNode = FALSE
	EndGlobalSection
	GlobalSection(ExtensibilityGlobals) = postSolution
		SolutionGuid = {C3D65CB7-CDCB-4EAF-8CEC-AD47EB305090}
	EndGlobalSection
EndGlobal
